# This file is generated by running "yarn install" inside your project.
# Manual changes might be lost - proceed with caution!

__metadata:
  version: 10
  cacheKey: 10c0

"@elliottech/react-native-kline-view@workspace:.":
  version: 0.0.0-use.local
  resolution: "@elliottech/react-native-kline-view@workspace:."
  peerDependencies:
    react: "*"
    react-native: ">=0.66.0"
  languageName: unknown
  linkType: soft
